// !$*UTF8*$!
{
	archiveVersion = 1;
	classes = {
	};
	objectVersion = 51;
	objects = {

/* Begin PBXBuildFile section */
		4F41782927A6632300676860 /* AppDelegate.swift in Sources */ = {isa = PBXBuildFile; fileRef = 4F41782827A6632300676860 /* AppDelegate.swift */; };
		4F41782B27A6632300676860 /* SceneDelegate.swift in Sources */ = {isa = PBXBuildFile; fileRef = 4F41782A27A6632300676860 /* SceneDelegate.swift */; };
		4F41783027A6632300676860 /* Main.storyboard in Resources */ = {isa = PBXBuildFile; fileRef = 4F41782E27A6632300676860 /* Main.storyboard */; };
		4F41783227A6632400676860 /* Assets.xcassets in Resources */ = {isa = PBXBuildFile; fileRef = 4F41783127A6632400676860 /* Assets.xcassets */; };
		4F41783527A6632400676860 /* LaunchScreen.storyboard in Resources */ = {isa = PBXBuildFile; fileRef = 4F41783327A6632400676860 /* LaunchScreen.storyboard */; };
		4F41784127A6655400676860 /* LoginViewController.swift in Sources */ = {isa = PBXBuildFile; fileRef = 4F41784027A6655400676860 /* LoginViewController.swift */; };
		4F41784327A6663C00676860 /* BaseViewController.swift in Sources */ = {isa = PBXBuildFile; fileRef = 4F41784227A6663C00676860 /* BaseViewController.swift */; };
		4F41784527A6675100676860 /* Hanabi.MOV in Resources */ = {isa = PBXBuildFile; fileRef = 4F41784427A6675100676860 /* Hanabi.MOV */; };
		4F41784727A6816C00676860 /* Page1TableViewController.swift in Sources */ = {isa = PBXBuildFile; fileRef = 4F41784627A6816C00676860 /* Page1TableViewController.swift */; };
		4F41784927A68EB400676860 /* NewsItems.swift in Sources */ = {isa = PBXBuildFile; fileRef = 4F41784827A68EB400676860 /* NewsItems.swift */; };
		4FCAB88D27A6B43F00CFBB12 /* WebViewController.swift in Sources */ = {isa = PBXBuildFile; fileRef = 4FCAB88C27A6B43F00CFBB12 /* WebViewController.swift */; };
		4FCAB88F27A6B94600CFBB12 /* Page2TableViewController.swift in Sources */ = {isa = PBXBuildFile; fileRef = 4FCAB88E27A6B94600CFBB12 /* Page2TableViewController.swift */; };
		4FCAB89127A6B95F00CFBB12 /* Page3TableViewController.swift in Sources */ = {isa = PBXBuildFile; fileRef = 4FCAB89027A6B95F00CFBB12 /* Page3TableViewController.swift */; };
		4FCAB89327A6B98100CFBB12 /* Page4TableViewController.swift in Sources */ = {isa = PBXBuildFile; fileRef = 4FCAB89227A6B98100CFBB12 /* Page4TableViewController.swift */; };
		4FCAB89527A6B99500CFBB12 /* Page5TableViewController.swift in Sources */ = {isa = PBXBuildFile; fileRef = 4FCAB89427A6B99500CFBB12 /* Page5TableViewController.swift */; };
		4FCAB89727A6BC9100CFBB12 /* Page6TableViewController.swift in Sources */ = {isa = PBXBuildFile; fileRef = 4FCAB89627A6BC9100CFBB12 /* Page6TableViewController.swift */; };
		FEB69D0CADD4B438FF2A9A33 /* Pods_NewsApp.framework in Frameworks */ = {isa = PBXBuildFile; fileRef = 520AD7BFBB87D80E90C5F7AE /* Pods_NewsApp.framework */; };
/* End PBXBuildFile section */

/* Begin PBXFileReference section */
		270843DB0294C62EFDAC7DB7 /* Pods-NewsApp.release.xcconfig */ = {isa = PBXFileReference; includeInIndex = 1; lastKnownFileType = text.xcconfig; name = "Pods-NewsApp.release.xcconfig"; path = "Target Support Files/Pods-NewsApp/Pods-NewsApp.release.xcconfig"; sourceTree = "<group>"; };
		4B74107E76339E7FC80341CF /* Pods-NewsApp.debug.xcconfig */ = {isa = PBXFileReference; includeInIndex = 1; lastKnownFileType = text.xcconfig; name = "Pods-NewsApp.debug.xcconfig"; path = "Target Support Files/Pods-NewsApp/Pods-NewsApp.debug.xcconfig"; sourceTree = "<group>"; };
		4F41782527A6632300676860 /* NewsApp.app */ = {isa = PBXFileReference; explicitFileType = wrapper.application; includeInIndex = 0; path = NewsApp.app; sourceTree = BUILT_PRODUCTS_DIR; };
		4F41782827A6632300676860 /* AppDelegate.swift */ = {isa = PBXFileReference; lastKnownFileType = sourcecode.swift; path = AppDelegate.swift; sourceTree = "<group>"; };
		4F41782A27A6632300676860 /* SceneDelegate.swift */ = {isa = PBXFileReference; lastKnownFileType = sourcecode.swift; path = SceneDelegate.swift; sourceTree = "<group>"; };
		4F41782F27A6632300676860 /* Base */ = {isa = PBXFileReference; lastKnownFileType = file.storyboard; name = Base; path = Base.lproj/Main.storyboard; sourceTree = "<group>"; };
		4F41783127A6632400676860 /* Assets.xcassets */ = {isa = PBXFileReference; lastKnownFileType = folder.assetcatalog; path = Assets.xcassets; sourceTree = "<group>"; };
		4F41783427A6632400676860 /* Base */ = {isa = PBXFileReference; lastKnownFileType = file.storyboard; name = Base; path = Base.lproj/LaunchScreen.storyboard; sourceTree = "<group>"; };
		4F41783627A6632400676860 /* Info.plist */ = {isa = PBXFileReference; lastKnownFileType = text.plist.xml; path = Info.plist; sourceTree = "<group>"; };
		4F41784027A6655400676860 /* LoginViewController.swift */ = {isa = PBXFileReference; lastKnownFileType = sourcecode.swift; path = LoginViewController.swift; sourceTree = "<group>"; };
		4F41784227A6663C00676860 /* BaseViewController.swift */ = {isa = PBXFileReference; lastKnownFileType = sourcecode.swift; path = BaseViewController.swift; sourceTree = "<group>"; };
		4F41784427A6675100676860 /* Hanabi.MOV */ = {isa = PBXFileReference; lastKnownFileType = video.quicktime; path = Hanabi.MOV; sourceTree = "<group>"; };
		4F41784627A6816C00676860 /* Page1TableViewController.swift */ = {isa = PBXFileReference; lastKnownFileType = sourcecode.swift; path = Page1TableViewController.swift; sourceTree = "<group>"; };
		4F41784827A68EB400676860 /* NewsItems.swift */ = {isa = PBXFileReference; lastKnownFileType = sourcecode.swift; path = NewsItems.swift; sourceTree = "<group>"; };
		4FCAB88C27A6B43F00CFBB12 /* WebViewController.swift */ = {isa = PBXFileReference; lastKnownFileType = sourcecode.swift; path = WebViewController.swift; sourceTree = "<group>"; };
		4FCAB88E27A6B94600CFBB12 /* Page2TableViewController.swift */ = {isa = PBXFileReference; lastKnownFileType = sourcecode.swift; path = Page2TableViewController.swift; sourceTree = "<group>"; };
		4FCAB89027A6B95F00CFBB12 /* Page3TableViewController.swift */ = {isa = PBXFileReference; lastKnownFileType = sourcecode.swift; path = Page3TableViewController.swift; sourceTree = "<group>"; };
		4FCAB89227A6B98100CFBB12 /* Page4TableViewController.swift */ = {isa = PBXFileReference; lastKnownFileType = sourcecode.swift; path = Page4TableViewController.swift; sourceTree = "<group>"; };
		4FCAB89427A6B99500CFBB12 /* Page5TableViewController.swift */ = {isa = PBXFileReference; lastKnownFileType = sourcecode.swift; path = Page5TableViewController.swift; sourceTree = "<group>"; };
		4FCAB89627A6BC9100CFBB12 /* Page6TableViewController.swift */ = {isa = PBXFileReference; lastKnownFileType = sourcecode.swift; path = Page6TableViewController.swift; sourceTree = "<group>"; };
		520AD7BFBB87D80E90C5F7AE /* Pods_NewsApp.framework */ = {isa = PBXFileReference; explicitFileType = wrapper.framework; includeInIndex = 0; path = Pods_NewsApp.framework; sourceTree = BUILT_PRODUCTS_DIR; };
/* End PBXFileReference section */

/* Begin PBXFrameworksBuildPhase section */
		4F41782227A6632300676860 /* Frameworks */ = {
			isa = PBXFrameworksBuildPhase;
			buildActionMask = 2147483647;
			files = (
				FEB69D0CADD4B438FF2A9A33 /* Pods_NewsApp.framework in Frameworks */,
			);
			runOnlyForDeploymentPostprocessing = 0;
		};
/* End PBXFrameworksBuildPhase section */

/* Begin PBXGroup section */
		1D26ADB6D0E2553D2C501EF3 /* Frameworks */ = {
			isa = PBXGroup;
			children = (
				520AD7BFBB87D80E90C5F7AE /* Pods_NewsApp.framework */,
			);
			name = Frameworks;
			sourceTree = "<group>";
		};
		4F41781C27A6632300676860 = {
			isa = PBXGroup;
			children = (
				4F41782727A6632300676860 /* NewsApp */,
				4F41782627A6632300676860 /* Products */,
				851931D372483BAB3E98534E /* Pods */,
				1D26ADB6D0E2553D2C501EF3 /* Frameworks */,
			);
			sourceTree = "<group>";
		};
		4F41782627A6632300676860 /* Products */ = {
			isa = PBXGroup;
			children = (
				4F41782527A6632300676860 /* NewsApp.app */,
			);
			name = Products;
			sourceTree = "<group>";
		};
		4F41782727A6632300676860 /* NewsApp */ = {
			isa = PBXGroup;
			children = (
				4F41783C27A6649800676860 /* Model */,
				4F41783E27A664AF00676860 /* Views */,
				4F41783F27A664B800676860 /* Controllers */,
				4F41782827A6632300676860 /* AppDelegate.swift */,
				4F41782A27A6632300676860 /* SceneDelegate.swift */,
				4F41783627A6632400676860 /* Info.plist */,
				4F41784427A6675100676860 /* Hanabi.MOV */,
			);
			path = NewsApp;
			sourceTree = "<group>";
		};
		4F41783C27A6649800676860 /* Model */ = {
			isa = PBXGroup;
			children = (
				4F41784827A68EB400676860 /* NewsItems.swift */,
			);
			path = Model;
			sourceTree = "<group>";
		};
		4F41783E27A664AF00676860 /* Views */ = {
			isa = PBXGroup;
			children = (
				4F41782E27A6632300676860 /* Main.storyboard */,
				4F41783127A6632400676860 /* Assets.xcassets */,
				4F41783327A6632400676860 /* LaunchScreen.storyboard */,
			);
			path = Views;
			sourceTree = "<group>";
		};
		4F41783F27A664B800676860 /* Controllers */ = {
			isa = PBXGroup;
			children = (
				4F41784027A6655400676860 /* LoginViewController.swift */,
				4F41784227A6663C00676860 /* BaseViewController.swift */,
				4F41784627A6816C00676860 /* Page1TableViewController.swift */,
				4FCAB88E27A6B94600CFBB12 /* Page2TableViewController.swift */,
				4FCAB89027A6B95F00CFBB12 /* Page3TableViewController.swift */,
				4FCAB89227A6B98100CFBB12 /* Page4TableViewController.swift */,
				4FCAB89427A6B99500CFBB12 /* Page5TableViewController.swift */,
				4FCAB89627A6BC9100CFBB12 /* Page6TableViewController.swift */,
				4FCAB88C27A6B43F00CFBB12 /* WebViewController.swift */,
			);
			path = Controllers;
			sourceTree = "<group>";
		};
		851931D372483BAB3E98534E /* Pods */ = {
			isa = PBXGroup;
			children = (
				4B74107E76339E7FC80341CF /* Pods-NewsApp.debug.xcconfig */,
				270843DB0294C62EFDAC7DB7 /* Pods-NewsApp.release.xcconfig */,
			);
			path = Pods;
			sourceTree = "<group>";
		};
/* End PBXGroup section */

/* Begin PBXNativeTarget section */
		4F41782427A6632300676860 /* NewsApp */ = {
			isa = PBXNativeTarget;
			buildConfigurationList = 4F41783927A6632400676860 /* Build configuration list for PBXNativeTarget "NewsApp" */;
			buildPhases = (
				4F52C26ECFD358E4E7918953 /* [CP] Check Pods Manifest.lock */,
				4F41782127A6632300676860 /* Sources */,
				4F41782227A6632300676860 /* Frameworks */,
				4F41782327A6632300676860 /* Resources */,
				EE05AEE04E041F3A1CD58EE4 /* [CP] Embed Pods Frameworks */,
			);
			buildRules = (
			);
			dependencies = (
			);
			name = NewsApp;
			productName = NewsApp;
			productReference = 4F41782527A6632300676860 /* NewsApp.app */;
			productType = "com.apple.product-type.application";
		};
/* End PBXNativeTarget section */

/* Begin PBXProject section */
		4F41781D27A6632300676860 /* Project object */ = {
			isa = PBXProject;
			attributes = {
				LastSwiftUpdateCheck = 1250;
				LastUpgradeCheck = 1250;
				TargetAttributes = {
					4F41782427A6632300676860 = {
						CreatedOnToolsVersion = 12.5.1;
					};
				};
			};
			buildConfigurationList = 4F41782027A6632300676860 /* Build configuration list for PBXProject "NewsApp" */;
			compatibilityVersion = "Xcode 9.3";
			developmentRegion = en;
			hasScannedForEncodings = 0;
			knownRegions = (
				en,
				Base,
			);
			mainGroup = 4F41781C27A6632300676860;
			productRefGroup = 4F41782627A6632300676860 /* Products */;
			projectDirPath = "";
			projectRoot = "";
			targets = (
				4F41782427A6632300676860 /* NewsApp */,
			);
		};
/* End PBXProject section */

/* Begin PBXResourcesBuildPhase section */
		4F41782327A6632300676860 /* Resources */ = {
			isa = PBXResourcesBuildPhase;
			buildActionMask = 2147483647;
			files = (
				4F41783527A6632400676860 /* LaunchScreen.storyboard in Resources */,
				4F41784527A6675100676860 /* Hanabi.MOV in Resources */,
				4F41783227A6632400676860 /* Assets.xcassets in Resources */,
				4F41783027A6632300676860 /* Main.storyboard in Resources */,
			);
			runOnlyForDeploymentPostprocessing = 0;
		};
/* End PBXResourcesBuildPhase section */

/* Begin PBXShellScriptBuildPhase section */
		4F52C26ECFD358E4E7918953 /* [CP] Check Pods Manifest.lock */ = {
			isa = PBXShellScriptBuildPhase;
			buildActionMask = 2147483647;
			files = (
			);
			inputFileListPaths = (
			);
			inputPaths = (
				"${PODS_PODFILE_DIR_PATH}/Podfile.lock",
				"${PODS_ROOT}/Manifest.lock",
			);
			name = "[CP] Check Pods Manifest.lock";
			outputFileListPaths = (
			);
			outputPaths = (
				"$(DERIVED_FILE_DIR)/Pods-NewsApp-checkManifestLockResult.txt",
			);
			runOnlyForDeploymentPostprocessing = 0;
			shellPath = /bin/sh;
			shellScript = "diff \"${PODS_PODFILE_DIR_PATH}/Podfile.lock\" \"${PODS_ROOT}/Manifest.lock\" > /dev/null\nif [ $? != 0 ] ; then\n    # print error to STDERR\n    echo \"error: The sandbox is not in sync with the Podfile.lock. Run 'pod install' or update your CocoaPods installation.\" >&2\n    exit 1\nfi\n# This output is used by Xcode 'outputs' to avoid re-running this script phase.\necho \"SUCCESS\" > \"${SCRIPT_OUTPUT_FILE_0}\"\n";
			showEnvVarsInLog = 0;
		};
		EE05AEE04E041F3A1CD58EE4 /* [CP] Embed Pods Frameworks */ = {
			isa = PBXShellScriptBuildPhase;
			buildActionMask = 2147483647;
			files = (
			);
			inputFileListPaths = (
				"${PODS_ROOT}/Target Support Files/Pods-NewsApp/Pods-NewsApp-frameworks-${CONFIGURATION}-input-files.xcfilelist",
			);
			name = "[CP] Embed Pods Frameworks";
			outputFileListPaths = (
				"${PODS_ROOT}/Target Support Files/Pods-NewsApp/Pods-NewsApp-frameworks-${CONFIGURATION}-output-files.xcfilelist",
			);
			runOnlyForDeploymentPostprocessing = 0;
			shellPath = /bin/sh;
			shellScript = "\"${PODS_ROOT}/Target Support Files/Pods-NewsApp/Pods-NewsApp-frameworks.sh\"\n";
			showEnvVarsInLog = 0;
		};
/* End PBXShellScriptBuildPhase section */

/* Begin PBXSourcesBuildPhase section */
		4F41782127A6632300676860 /* Sources */ = {
			isa = PBXSourcesBuildPhase;
			buildActionMask = 2147483647;
			files = (
				4F41784327A6663C00676860 /* BaseViewController.swift in Sources */,
				4F41782927A6632300676860 /* AppDelegate.swift in Sources */,
				4FCAB89527A6B99500CFBB12 /* Page5TableViewController.swift in Sources */,
				4FCAB89127A6B95F00CFBB12 /* Page3TableViewController.swift in Sources */,
				4F41782B27A6632300676860 /* SceneDelegate.swift in Sources */,
				4F41784927A68EB400676860 /* NewsItems.swift in Sources */,
				4FCAB89327A6B98100CFBB12 /* Page4TableViewController.swift in Sources */,
				4FCAB88D27A6B43F00CFBB12 /* WebViewController.swift in Sources */,
				4F41784127A6655400676860 /* LoginViewController.swift in Sources */,
				4F41784727A6816C00676860 /* Page1TableViewController.swift in Sources */,
				4FCAB88F27A6B94600CFBB12 /* Page2TableViewController.swift in Sources */,
				4FCAB89727A6BC9100CFBB12 /* Page6TableViewController.swift in Sources */,
			);
			runOnlyForDeploymentPostprocessing = 0;
		};
/* End PBXSourcesBuildPhase section */

/* Begin PBXVariantGroup section */
		4F41782E27A6632300676860 /* Main.storyboard */ = {
			isa = PBXVariantGroup;
			children = (
				4F41782F27A6632300676860 /* Base */,
			);
			name = Main.storyboard;
			sourceTree = "<group>";
		};
		4F41783327A6632400676860 /* LaunchScreen.storyboard */ = {
			isa = PBXVariantGroup;
			children = (
				4F41783427A6632400676860 /* Base */,
			);
			name = LaunchScreen.storyboard;
			sourceTree = "<group>";
		};
/* End PBXVariantGroup section */

/* Begin XCBuildConfiguration section */
		4F41783727A6632400676860 /* Debug */ = {
			isa = XCBuildConfiguration;
			buildSettings = {
				ALWAYS_SEARCH_USER_PATHS = NO;
				CLANG_ANALYZER_NONNULL = YES;
				CLANG_ANALYZER_NUMBER_OBJECT_CONVERSION = YES_AGGRESSIVE;
				CLANG_CXX_LANGUAGE_STANDARD = "gnu++14";
				CLANG_CXX_LIBRARY = "libc++";
				CLANG_ENABLE_MODULES = YES;
				CLANG_ENABLE_OBJC_ARC = YES;
				CLANG_ENABLE_OBJC_WEAK = YES;
				CLANG_WARN_BLOCK_CAPTURE_AUTORELEASING = YES;
				CLANG_WARN_BOOL_CONVERSION = YES;
				CLANG_WARN_COMMA = YES;
				CLANG_WARN_CONSTANT_CONVERSION = YES;
				CLANG_WARN_DEPRECATED_OBJC_IMPLEMENTATIONS = YES;
				CLANG_WARN_DIRECT_OBJC_ISA_USAGE = YES_ERROR;
				CLANG_WARN_DOCUMENTATION_COMMENTS = YES;
				CLANG_WARN_EMPTY_BODY = YES;
				CLANG_WARN_ENUM_CONVERSION = YES;
				CLANG_WARN_INFINITE_RECURSION = YES;
				CLANG_WARN_INT_CONVERSION = YES;
				CLANG_WARN_NON_LITERAL_NULL_CONVERSION = YES;
				CLANG_WARN_OBJC_IMPLICIT_RETAIN_SELF = YES;
				CLANG_WARN_OBJC_LITERAL_CONVERSION = YES;
				CLANG_WARN_OBJC_ROOT_CLASS = YES_ERROR;
				CLANG_WARN_QUOTED_INCLUDE_IN_FRAMEWORK_HEADER = YES;
				CLANG_WARN_RANGE_LOOP_ANALYSIS = YES;
				CLANG_WARN_STRICT_PROTOTYPES = YES;
				CLANG_WARN_SUSPICIOUS_MOVE = YES;
				CLANG_WARN_UNGUARDED_AVAILABILITY = YES_AGGRESSIVE;
				CLANG_WARN_UNREACHABLE_CODE = YES;
				CLANG_WARN__DUPLICATE_METHOD_MATCH = YES;
				COPY_PHASE_STRIP = NO;
				DEBUG_INFORMATION_FORMAT = dwarf;
				ENABLE_STRICT_OBJC_MSGSEND = YES;
				ENABLE_TESTABILITY = YES;
				GCC_C_LANGUAGE_STANDARD = gnu11;
				GCC_DYNAMIC_NO_PIC = NO;
				GCC_NO_COMMON_BLOCKS = YES;
				GCC_OPTIMIZATION_LEVEL = 0;
				GCC_PREPROCESSOR_DEFINITIONS = (
					"DEBUG=1",
					"$(inherited)",
				);
				GCC_WARN_64_TO_32_BIT_CONVERSION = YES;
				GCC_WARN_ABOUT_RETURN_TYPE = YES_ERROR;
				GCC_WARN_UNDECLARED_SELECTOR = YES;
				GCC_WARN_UNINITIALIZED_AUTOS = YES_AGGRESSIVE;
				GCC_WARN_UNUSED_FUNCTION = YES;
				GCC_WARN_UNUSED_VARIABLE = YES;
				IPHONEOS_DEPLOYMENT_TARGET = 14.5;
				MTL_ENABLE_DEBUG_INFO = INCLUDE_SOURCE;
				MTL_FAST_MATH = YES;
				ONLY_ACTIVE_ARCH = YES;
				SDKROOT = iphoneos;
				SWIFT_ACTIVE_COMPILATION_CONDITIONS = DEBUG;
				SWIFT_OPTIMIZATION_LEVEL = "-Onone";
			};
			name = Debug;
		};
		4F41783827A6632400676860 /* Release */ = {
			isa = XCBuildConfiguration;
			buildSettings = {
				ALWAYS_SEARCH_USER_PATHS = NO;
				CLANG_ANALYZER_NONNULL = YES;
				CLANG_ANALYZER_NUMBER_OBJECT_CONVERSION = YES_AGGRESSIVE;
				CLANG_CXX_LANGUAGE_STANDARD = "gnu++14";
				CLANG_CXX_LIBRARY = "libc++";
				CLANG_ENABLE_MODULES = YES;
				CLANG_ENABLE_OBJC_ARC = YES;
				CLANG_ENABLE_OBJC_WEAK = YES;
				CLANG_WARN_BLOCK_CAPTURE_AUTORELEASING = YES;
				CLANG_WARN_BOOL_CONVERSION = YES;
				CLANG_WARN_COMMA = YES;
				CLANG_WARN_CONSTANT_CONVERSION = YES;
				CLANG_WARN_DEPRECATED_OBJC_IMPLEMENTATIONS = YES;
				CLANG_WARN_DIRECT_OBJC_ISA_USAGE = YES_ERROR;
				CLANG_WARN_DOCUMENTATION_COMMENTS = YES;
				CLANG_WARN_EMPTY_BODY = YES;
				CLANG_WARN_ENUM_CONVERSION = YES;
				CLANG_WARN_INFINITE_RECURSION = YES;
				CLANG_WARN_INT_CONVERSION = YES;
				CLANG_WARN_NON_LITERAL_NULL_CONVERSION = YES;
				CLANG_WARN_OBJC_IMPLICIT_RETAIN_SELF = YES;
				CLANG_WARN_OBJC_LITERAL_CONVERSION = YES;
				CLANG_WARN_OBJC_ROOT_CLASS = YES_ERROR;
				CLANG_WARN_QUOTED_INCLUDE_IN_FRAMEWORK_HEADER = YES;
				CLANG_WARN_RANGE_LOOP_ANALYSIS = YES;
				CLANG_WARN_STRICT_PROTOTYPES = YES;
				CLANG_WARN_SUSPICIOUS_MOVE = YES;
				CLANG_WARN_UNGUARDED_AVAILABILITY = YES_AGGRESSIVE;
				CLANG_WARN_UNREACHABLE_CODE = YES;
				CLANG_WARN__DUPLICATE_METHOD_MATCH = YES;
				COPY_PHASE_STRIP = NO;
				DEBUG_INFORMATION_FORMAT = "dwarf-with-dsym";
				ENABLE_NS_ASSERTIONS = NO;
				ENABLE_STRICT_OBJC_MSGSEND = YES;
				GCC_C_LANGUAGE_STANDARD = gnu11;
				GCC_NO_COMMON_BLOCKS = YES;
				GCC_WARN_64_TO_32_BIT_CONVERSION = YES;
				GCC_WARN_ABOUT_RETURN_TYPE = YES_ERROR;
				GCC_WARN_UNDECLARED_SELECTOR = YES;
				GCC_WARN_UNINITIALIZED_AUTOS = YES_AGGRESSIVE;
				GCC_WARN_UNUSED_FUNCTION = YES;
				GCC_WARN_UNUSED_VARIABLE = YES;
				IPHONEOS_DEPLOYMENT_TARGET = 14.5;
				MTL_ENABLE_DEBUG_INFO = NO;
				MTL_FAST_MATH = YES;
				SDKROOT = iphoneos;
				SWIFT_COMPILATION_MODE = wholemodule;
				SWIFT_OPTIMIZATION_LEVEL = "-O";
				VALIDATE_PRODUCT = YES;
			};
			name = Release;
		};
		4F41783A27A6632400676860 /* Debug */ = {
			isa = XCBuildConfiguration;
			baseConfigurationReference = 4B74107E76339E7FC80341CF /* Pods-NewsApp.debug.xcconfig */;
			buildSettings = {
				ASSETCATALOG_COMPILER_APPICON_NAME = AppIcon;
				ASSETCATALOG_COMPILER_GLOBAL_ACCENT_COLOR_NAME = AccentColor;
				CODE_SIGN_STYLE = Automatic;
				DEVELOPMENT_TEAM = 972C28V9B8;
				INFOPLIST_FILE = NewsApp/Info.plist;
				LD_RUNPATH_SEARCH_PATHS = (
					"$(inherited)",
					"@executable_path/Frameworks",
				);
				PRODUCT_BUNDLE_IDENTIFIER = com.miurakoki.NewsApp;
				PRODUCT_NAME = "$(TARGET_NAME)";
				SWIFT_VERSION = 5.0;
				TARGETED_DEVICE_FAMILY = "1,2";
			};
			name = Debug;
		};
		4F41783B27A6632400676860 /* Release */ = {
			isa = XCBuildConfiguration;
			baseConfigurationReference = 270843DB0294C62EFDAC7DB7 /* Pods-NewsApp.release.xcconfig */;
			buildSettings = {
				ASSETCATALOG_COMPILER_APPICON_NAME = AppIcon;
				ASSETCATALOG_COMPILER_GLOBAL_ACCENT_COLOR_NAME = AccentColor;
				CODE_SIGN_STYLE = Automatic;
				DEVELOPMENT_TEAM = 972C28V9B8;
				INFOPLIST_FILE = NewsApp/Info.plist;
				LD_RUNPATH_SEARCH_PATHS = (
					"$(inherited)",
					"@executable_path/Frameworks",
				);
				PRODUCT_BUNDLE_IDENTIFIER = com.miurakoki.NewsApp;
				PRODUCT_NAME = "$(TARGET_NAME)";
				SWIFT_VERSION = 5.0;
				TARGETED_DEVICE_FAMILY = "1,2";
			};
			name = Release;
		};
/* End XCBuildConfiguration section */

/* Begin XCConfigurationList section */
		4F41782027A6632300676860 /* Build configuration list for PBXProject "NewsApp" */ = {
			isa = XCConfigurationList;
			buildConfigurations = (
				4F41783727A6632400676860 /* Debug */,
				4F41783827A6632400676860 /* Release */,
			);
			defaultConfigurationIsVisible = 0;
			defaultConfigurationName = Release;
		};
		4F41783927A6632400676860 /* Build configuration list for PBXNativeTarget "NewsApp" */ = {
			isa = XCConfigurationList;
			buildConfigurations = (
				4F41783A27A6632400676860 /* Debug */,
				4F41783B27A6632400676860 /* Release */,
			);
			defaultConfigurationIsVisible = 0;
			defaultConfigurationName = Release;
		};
/* End XCConfigurationList section */
	};
	rootObject = 4F41781D27A6632300676860 /* Project object */;
}
